
Microsoft Visual Studio Solution File, Format Version 12.00
# Visual Studio Version 17
VisualStudioVersion = 17.14.36616.10 d17.14
MinimumVisualStudioVersion = 10.0.40219.1
Project("{FAE04EC0-301F-11D3-BF4B-00C04F79EFBC}") = "Kanban", "Kanban\Kanban.csproj", "{FB7745B7-9380-480F-B4D7-E49789303D48}"
EndProject
Global
	GlobalSection(SolutionConfigurationPlatforms) = preSolution
		Debug|Any CPU = Debug|Any CPU
		Release|Any CPU = Release|Any CPU
	EndGlobalSection
	GlobalSection(ProjectConfigurationPlatforms) = postSolution
		{FB7745B7-9380-480F-B4D7-E49789303D48}.Debug|Any CPU.ActiveCfg = Debug|Any CPU
		{FB7745B7-9380-480F-B4D7-E49789303D48}.Debug|Any CPU.Build.0 = Debug|Any CPU
		{FB7745B7-9380-480F-B4D7-E49789303D48}.Release|Any CPU.ActiveCfg = Release|Any CPU
		{FB7745B7-9380-480F-B4D7-E49789303D48}.Release|Any CPU.Build.0 = Release|Any CPU
	EndGlobalSection
	GlobalSection(SolutionProperties) = preSolution
		HideSolutionNode = FALSE
	EndGlobalSection
	GlobalSection(ExtensibilityGlobals) = postSolution
		SolutionGuid = {49B62C5E-9580-4986-B7DA-0B1EBBD80CDC}
	EndGlobalSection
EndGlobal
